
Microsoft Visual Studio Solution File, Format Version 12.00
# Visual Studio Version 16
VisualStudioVersion = 16.0.29411.108
MinimumVisualStudioVersion = 10.0.40219.1
Project("{8BC9CEB8-8B4A-11D0-8D11-00A0C91BC942}") = "Onyx-Sandbox", "onyx-sandbox\onyx-sandbox.vcxproj", "{1238B3BD-16F3-4D55-B389-E888E0B94318}"
EndProject
Project("{8BC9CEB8-8B4A-11D0-8D11-00A0C91BC942}") = "Onyx", "Onyx\onyx.vcxproj", "{229305FA-A18C-4B5B-950D-F3A96CA2681C}"
EndProject
Project("{2150E333-8FDC-42A3-9474-1A3956D46DE8}") = "Dependencies", "Dependencies", "{DBB00C8D-9247-4777-B5AB-1C48633BAE06}"
EndProject
Project("{8BC9CEB8-8B4A-11D0-8D11-00A0C91BC942}") = "ImGUI-docking", "Dependencies\ImGUI-docking\ImGUI-docking.vcxproj", "{EE532407-74E9-4F26-A5CB-2B4272521418}"
EndProject
Project("{8BC9CEB8-8B4A-11D0-8D11-00A0C91BC942}") = "Onyx-CLR", "Onyx-CLR\Onyx-CLR.vcxproj", "{3B32CD22-5BE2-43DD-AA4F-48299F0E1134}"
	ProjectSection(ProjectDependencies) = postProject
		{229305FA-A18C-4B5B-950D-F3A96CA2681C} = {229305FA-A18C-4B5B-950D-F3A96CA2681C}
	EndProjectSection
EndProject
Project("{FAE04EC0-301F-11D3-BF4B-00C04F79EFBC}") = "Onyx-Editor-NET", "Onyx-Editor-NET\Onyx-Editor-NET.csproj", "{1E6511D8-2A76-4379-9E6F-44B0C2AB716F}"
	ProjectSection(ProjectDependencies) = postProject
		{3B32CD22-5BE2-43DD-AA4F-48299F0E1134} = {3B32CD22-5BE2-43DD-AA4F-48299F0E1134}
		{229305FA-A18C-4B5B-950D-F3A96CA2681C} = {229305FA-A18C-4B5B-950D-F3A96CA2681C}
	EndProjectSection
EndProject
Global
	GlobalSection(SolutionConfigurationPlatforms) = preSolution
		Debug|Any CPU = Debug|Any CPU
		Debug|x64 = Debug|x64
		Debug|x86 = Debug|x86
		Release|Any CPU = Release|Any CPU
		Release|x64 = Release|x64
		Release|x86 = Release|x86
	EndGlobalSection
	GlobalSection(ProjectConfigurationPlatforms) = postSolution
		{1238B3BD-16F3-4D55-B389-E888E0B94318}.Debug|Any CPU.ActiveCfg = Debug|Win32
		{1238B3BD-16F3-4D55-B389-E888E0B94318}.Debug|x64.ActiveCfg = Debug|x64
		{1238B3BD-16F3-4D55-B389-E888E0B94318}.Debug|x64.Build.0 = Debug|x64
		{1238B3BD-16F3-4D55-B389-E888E0B94318}.Debug|x86.ActiveCfg = Debug|Win32
		{1238B3BD-16F3-4D55-B389-E888E0B94318}.Debug|x86.Build.0 = Debug|Win32
		{1238B3BD-16F3-4D55-B389-E888E0B94318}.Release|Any CPU.ActiveCfg = Release|Win32
		{1238B3BD-16F3-4D55-B389-E888E0B94318}.Release|x64.ActiveCfg = Release|x64
		{1238B3BD-16F3-4D55-B389-E888E0B94318}.Release|x64.Build.0 = Release|x64
		{1238B3BD-16F3-4D55-B389-E888E0B94318}.Release|x86.ActiveCfg = Release|Win32
		{1238B3BD-16F3-4D55-B389-E888E0B94318}.Release|x86.Build.0 = Release|Win32
		{229305FA-A18C-4B5B-950D-F3A96CA2681C}.Debug|Any CPU.ActiveCfg = Debug|Win32
		{229305FA-A18C-4B5B-950D-F3A96CA2681C}.Debug|x64.ActiveCfg = Debug|x64
		{229305FA-A18C-4B5B-950D-F3A96CA2681C}.Debug|x64.Build.0 = Debug|x64
		{229305FA-A18C-4B5B-950D-F3A96CA2681C}.Debug|x86.ActiveCfg = Debug|Win32
		{229305FA-A18C-4B5B-950D-F3A96CA2681C}.Debug|x86.Build.0 = Debug|Win32
		{229305FA-A18C-4B5B-950D-F3A96CA2681C}.Release|Any CPU.ActiveCfg = Release|Win32
		{229305FA-A18C-4B5B-950D-F3A96CA2681C}.Release|x64.ActiveCfg = Release|x64
		{229305FA-A18C-4B5B-950D-F3A96CA2681C}.Release|x64.Build.0 = Release|x64
		{229305FA-A18C-4B5B-950D-F3A96CA2681C}.Release|x86.ActiveCfg = Release|Win32
		{229305FA-A18C-4B5B-950D-F3A96CA2681C}.Release|x86.Build.0 = Release|Win32
		{EE532407-74E9-4F26-A5CB-2B4272521418}.Debug|Any CPU.ActiveCfg = Debug|Win32
		{EE532407-74E9-4F26-A5CB-2B4272521418}.Debug|x64.ActiveCfg = Debug|x64
		{EE532407-74E9-4F26-A5CB-2B4272521418}.Debug|x64.Build.0 = Debug|x64
		{EE532407-74E9-4F26-A5CB-2B4272521418}.Debug|x86.ActiveCfg = Debug|Win32
		{EE532407-74E9-4F26-A5CB-2B4272521418}.Debug|x86.Build.0 = Debug|Win32
		{EE532407-74E9-4F26-A5CB-2B4272521418}.Release|Any CPU.ActiveCfg = Release|Win32
		{EE532407-74E9-4F26-A5CB-2B4272521418}.Release|x64.ActiveCfg = Release|x64
		{EE532407-74E9-4F26-A5CB-2B4272521418}.Release|x64.Build.0 = Release|x64
		{EE532407-74E9-4F26-A5CB-2B4272521418}.Release|x86.ActiveCfg = Release|Win32
		{EE532407-74E9-4F26-A5CB-2B4272521418}.Release|x86.Build.0 = Release|Win32
		{3B32CD22-5BE2-43DD-AA4F-48299F0E1134}.Debug|Any CPU.ActiveCfg = Debug|Win32
		{3B32CD22-5BE2-43DD-AA4F-48299F0E1134}.Debug|x64.ActiveCfg = Debug|x64
		{3B32CD22-5BE2-43DD-AA4F-48299F0E1134}.Debug|x64.Build.0 = Debug|x64
		{3B32CD22-5BE2-43DD-AA4F-48299F0E1134}.Debug|x86.ActiveCfg = Debug|Win32
		{3B32CD22-5BE2-43DD-AA4F-48299F0E1134}.Debug|x86.Build.0 = Debug|Win32
		{3B32CD22-5BE2-43DD-AA4F-48299F0E1134}.Release|Any CPU.ActiveCfg = Release|Win32
		{3B32CD22-5BE2-43DD-AA4F-48299F0E1134}.Release|x64.ActiveCfg = Release|x64
		{3B32CD22-5BE2-43DD-AA4F-48299F0E1134}.Release|x64.Build.0 = Release|x64
		{3B32CD22-5BE2-43DD-AA4F-48299F0E1134}.Release|x86.ActiveCfg = Release|Win32
		{3B32CD22-5BE2-43DD-AA4F-48299F0E1134}.Release|x86.Build.0 = Release|Win32
		{1E6511D8-2A76-4379-9E6F-44B0C2AB716F}.Debug|Any CPU.ActiveCfg = Debug|Any CPU
		{1E6511D8-2A76-4379-9E6F-44B0C2AB716F}.Debug|Any CPU.Build.0 = Debug|Any CPU
		{1E6511D8-2A76-4379-9E6F-44B0C2AB716F}.Debug|x64.ActiveCfg = Debug|Any CPU
		{1E6511D8-2A76-4379-9E6F-44B0C2AB716F}.Debug|x64.Build.0 = Debug|Any CPU
		{1E6511D8-2A76-4379-9E6F-44B0C2AB716F}.Debug|x86.ActiveCfg = Debug|Any CPU
		{1E6511D8-2A76-4379-9E6F-44B0C2AB716F}.Debug|x86.Build.0 = Debug|Any CPU
		{1E6511D8-2A76-4379-9E6F-44B0C2AB716F}.Release|Any CPU.ActiveCfg = Release|Any CPU
		{1E6511D8-2A76-4379-9E6F-44B0C2AB716F}.Release|Any CPU.Build.0 = Release|Any CPU
		{1E6511D8-2A76-4379-9E6F-44B0C2AB716F}.Release|x64.ActiveCfg = Release|Any CPU
		{1E6511D8-2A76-4379-9E6F-44B0C2AB716F}.Release|x64.Build.0 = Release|Any CPU
		{1E6511D8-2A76-4379-9E6F-44B0C2AB716F}.Release|x86.ActiveCfg = Release|Any CPU
		{1E6511D8-2A76-4379-9E6F-44B0C2AB716F}.Release|x86.Build.0 = Release|Any CPU
	EndGlobalSection
	GlobalSection(SolutionProperties) = preSolution
		HideSolutionNode = FALSE
	EndGlobalSection
	GlobalSection(NestedProjects) = preSolution
		{EE532407-74E9-4F26-A5CB-2B4272521418} = {DBB00C8D-9247-4777-B5AB-1C48633BAE06}
	EndGlobalSection
	GlobalSection(ExtensibilityGlobals) = postSolution
		SolutionGuid = {5F674E92-2AC5-4981-BFE3-97C2572DA0D2}
	EndGlobalSection
EndGlobal
