
Microsoft Visual Studio Solution File, Format Version 12.00
# Visual Studio Version 16
Project("{8BC9CEB8-8B4A-11D0-8D11-00A0C91BC942}") = "Onyx", "Onyx\Onyx.vcxproj", "{73458A7C-5F7C-8B0D-0869-7110F47E070F}"
EndProject
Project("{8BC9CEB8-8B4A-11D0-8D11-00A0C91BC942}") = "Onyx-CLR", "Onyx-CLR\Onyx-CLR.vcxproj", "{219B5F9A-0D68-BAA5-3681-A84D22ADEF33}"
EndProject
Project("{FAE04EC0-301F-11D3-BF4B-00C04F79EFBC}") = "Onyx-Editor-NET", "Onyx-Editor-NET\Onyx-Editor-NET.csproj", "{5B9702C4-C722-7088-D033-F37C3C3ECC88}"
EndProject
Project("{8BC9CEB8-8B4A-11D0-8D11-00A0C91BC942}") = "Onyx-Sandbox", "Onyx-Sandbox\Onyx-Sandbox.vcxproj", "{8F98DDAB-7BFB-6C50-2481-A50610C338D3}"
EndProject
Global
	GlobalSection(SolutionConfigurationPlatforms) = preSolution
		Debug|x64 = Debug|x64
		Release|x64 = Release|x64
	EndGlobalSection
	GlobalSection(ProjectConfigurationPlatforms) = postSolution
		{73458A7C-5F7C-8B0D-0869-7110F47E070F}.Debug|x64.ActiveCfg = Debug|x64
		{73458A7C-5F7C-8B0D-0869-7110F47E070F}.Debug|x64.Build.0 = Debug|x64
		{73458A7C-5F7C-8B0D-0869-7110F47E070F}.Release|x64.ActiveCfg = Release|x64
		{73458A7C-5F7C-8B0D-0869-7110F47E070F}.Release|x64.Build.0 = Release|x64
		{219B5F9A-0D68-BAA5-3681-A84D22ADEF33}.Debug|x64.ActiveCfg = Debug|x64
		{219B5F9A-0D68-BAA5-3681-A84D22ADEF33}.Debug|x64.Build.0 = Debug|x64
		{219B5F9A-0D68-BAA5-3681-A84D22ADEF33}.Release|x64.ActiveCfg = Release|x64
		{219B5F9A-0D68-BAA5-3681-A84D22ADEF33}.Release|x64.Build.0 = Release|x64
		{5B9702C4-C722-7088-D033-F37C3C3ECC88}.Debug|x64.ActiveCfg = Debug|x64
		{5B9702C4-C722-7088-D033-F37C3C3ECC88}.Debug|x64.Build.0 = Debug|x64
		{5B9702C4-C722-7088-D033-F37C3C3ECC88}.Release|x64.ActiveCfg = Release|x64
		{5B9702C4-C722-7088-D033-F37C3C3ECC88}.Release|x64.Build.0 = Release|x64
		{8F98DDAB-7BFB-6C50-2481-A50610C338D3}.Debug|x64.ActiveCfg = Debug|x64
		{8F98DDAB-7BFB-6C50-2481-A50610C338D3}.Debug|x64.Build.0 = Debug|x64
		{8F98DDAB-7BFB-6C50-2481-A50610C338D3}.Release|x64.ActiveCfg = Release|x64
		{8F98DDAB-7BFB-6C50-2481-A50610C338D3}.Release|x64.Build.0 = Release|x64
	EndGlobalSection
	GlobalSection(SolutionProperties) = preSolution
		HideSolutionNode = FALSE
	EndGlobalSection
EndGlobal
