<?xml version="1.0" encoding="utf-8"?>
<Project ToolsVersion="4.0" xmlns="http://schemas.microsoft.com/developer/msbuild/2003">
  <ItemGroup>
    <ClCompile Include="src\pch.cpp" />
    <ClCompile Include="src\AssemblyInfo.cpp" />
    <ClCompile Include="src\Onyx-CLR.cpp" />
    <ClCompile Include="src\Editor\EditorInput.cpp" />
    <ClCompile Include="src\Editor\Editor.cpp" />
  </ItemGroup>
  <ItemGroup>
    <ClInclude Include="src\pch.h" />
    <ClInclude Include="src\Onyx-CLR.h" />
    <ClInclude Include="src\Editor\EditorInput.h" />
    <ClInclude Include="src\Editor\Editor.h" />
  </ItemGroup>
</Project>