<?xml version="1.0" encoding="utf-8"?>
<Project ToolsVersion="4.0" xmlns="http://schemas.microsoft.com/developer/msbuild/2003">
  <ItemGroup>
    <Filter Include="Bitmap">
      <UniqueIdentifier>{C20381A9-AEA5-AB7F-9760-BFD383A132D0}</UniqueIdentifier>
    </Filter>
    <Filter Include="Editor">
      <UniqueIdentifier>{8C1A20B0-78BC-4A86-6177-5EDA4DB8D1D6}</UniqueIdentifier>
    </Filter>
    <Filter Include="Engine">
      <UniqueIdentifier>{DBC7D3B0-C769-FE86-B024-12DB9C6585D7}</UniqueIdentifier>
    </Filter>
  </ItemGroup>
  <ItemGroup>
    <ClInclude Include="src\Onyx-CLR.h" />
    <ClInclude Include="src\pch.h" />
    <ClInclude Include="src\Entity\Entity.h" />
    <ClInclude Include="src\Entity\Components.h" />
    <ClInclude Include="src\Editor\SceneEditorCLR.h" />
    <ClInclude Include="src\Editor\EditorApplicationCLR.h">
      <Filter>Editor</Filter>
    </ClInclude>
    <ClInclude Include="src\Editor\SceneCLR.h" />
    <ClInclude Include="src\Editor\SceneNodeCLR.h" />
    <ClInclude Include="src\Engine\Vector.h" />
  </ItemGroup>
  <ItemGroup>
    <ClCompile Include="src\AssemblyInfo.cpp" />
    <ClCompile Include="src\Onyx-CLR.cpp" />
    <ClCompile Include="src\pch.cpp" />
    <ClCompile Include="src\Entity\Entity.cpp" />
    <ClCompile Include="src\Editor\SceneEditorCLR.cpp" />
    <ClCompile Include="src\Editor\EditorApplicationCLR.cpp">
      <Filter>Editor</Filter>
    </ClCompile>
    <ClCompile Include="src\Editor\SceneCLR.cpp" />
    <ClCompile Include="src\Editor\SceneNodeCLR.cpp" />
    <ClCompile Include="src\Entity\Components.cpp" />
  </ItemGroup>
</Project>